
Microsoft Visual Studio Solution File, Format Version 12.00
# Visual Studio Version 16
VisualStudioVersion = 16.0.29009.5
MinimumVisualStudioVersion = 10.0.40219.1
Project("{FAE04EC0-301F-11D3-BF4B-00C04F79EFBC}") = "project_gametracker", "30project_gametracker\project_gametracker.csproj", "{EF357119-0CDA-4627-B29A-1BB8F131D64B}"
EndProject
Global
	GlobalSection(SolutionConfigurationPlatforms) = preSolution
		Debug|Any CPU = Debug|Any CPU
		Release|Any CPU = Release|Any CPU
	EndGlobalSection
	GlobalSection(ProjectConfigurationPlatforms) = postSolution
		{EF357119-0CDA-4627-B29A-1BB8F131D64B}.Debug|Any CPU.ActiveCfg = Debug|Any CPU
		{EF357119-0CDA-4627-B29A-1BB8F131D64B}.Debug|Any CPU.Build.0 = Debug|Any CPU
		{EF357119-0CDA-4627-B29A-1BB8F131D64B}.Release|Any CPU.ActiveCfg = Release|Any CPU
		{EF357119-0CDA-4627-B29A-1BB8F131D64B}.Release|Any CPU.Build.0 = Release|Any CPU
	EndGlobalSection
	GlobalSection(SolutionProperties) = preSolution
		HideSolutionNode = FALSE
	EndGlobalSection
	GlobalSection(ExtensibilityGlobals) = postSolution
		SolutionGuid = {EC255B54-169D-4286-952C-75DD64EE8AAE}
	EndGlobalSection
EndGlobal
